
Microsoft Visual Studio Solution File, Format Version 12.00
# Visual Studio Version 17
VisualStudioVersion = 17.13.35825.156
MinimumVisualStudioVersion = 10.0.40219.1
Project("{8BC9CEB8-8B4A-11D0-8D11-00A0C91BC942}") = "HelloWorld", "HelloWorld\HelloWorld.vcxproj", "{74E63F0A-D353-4FBA-ABA3-B17A5037A91C}"
EndProject
Project("{8BC9CEB8-8B4A-11D0-8D11-00A0C91BC942}") = "DataTypes", "DataTypes\DataTypes.vcxproj", "{40DE8949-0A08-4D81-94CE-3ED87A9A832B}"
EndProject
Project("{8BC9CEB8-8B4A-11D0-8D11-00A0C91BC942}") = "UserDataTypes", "UserDataTypes\UserDataTypes.vcxproj", "{5FBC1CDC-6B7F-4FBB-A86B-F292F58AB7EB}"
EndProject
Project("{8BC9CEB8-8B4A-11D0-8D11-00A0C91BC942}") = "GuessingGame", "GuessingGame\GuessingGame.vcxproj", "{124682FD-D46B-40B8-B47C-82166763F0EB}"
EndProject
Project("{8BC9CEB8-8B4A-11D0-8D11-00A0C91BC942}") = "Memory", "Memory\Memory.vcxproj", "{8F9DA766-1341-41A3-BDA5-2F314BB4CA23}"
EndProject
Project("{8BC9CEB8-8B4A-11D0-8D11-00A0C91BC942}") = "MemoryReview", "MemoryReview\MemoryReview.vcxproj", "{EBFACED8-3A24-4F64-9893-8F0F6A22D3AA}"
EndProject
Project("{8BC9CEB8-8B4A-11D0-8D11-00A0C91BC942}") = "OOP", "OOP\OOP.vcxproj", "{38AE1B26-0954-4B52-9AAC-223E979F2016}"
EndProject
Project("{8BC9CEB8-8B4A-11D0-8D11-00A0C91BC942}") = "Containers", "Containers\Containers.vcxproj", "{EBB34C9B-BA09-44C6-A642-43200FAB3A79}"
EndProject
Project("{8BC9CEB8-8B4A-11D0-8D11-00A0C91BC942}") = "Classes", "Classes\Classes.vcxproj", "{2A6EB61B-6A69-4AFD-8855-51440044AAE2}"
EndProject
Project("{8BC9CEB8-8B4A-11D0-8D11-00A0C91BC942}") = "Streams", "Streams\Streams.vcxproj", "{893DDA96-4ECC-4B2C-B79A-8734E2074BA5}"
EndProject
Project("{8BC9CEB8-8B4A-11D0-8D11-00A0C91BC942}") = "ConsoleApplication1", "ConsoleApplication1\ConsoleApplication1.vcxproj", "{4B1D9089-00B1-481E-9CE3-58F17AE79169}"
EndProject
Global
	GlobalSection(SolutionConfigurationPlatforms) = preSolution
		Debug|Any CPU = Debug|Any CPU
		Debug|x64 = Debug|x64
		Debug|x86 = Debug|x86
		Release|Any CPU = Release|Any CPU
		Release|x64 = Release|x64
		Release|x86 = Release|x86
	EndGlobalSection
	GlobalSection(ProjectConfigurationPlatforms) = postSolution
		{74E63F0A-D353-4FBA-ABA3-B17A5037A91C}.Debug|Any CPU.ActiveCfg = Debug|x64
		{74E63F0A-D353-4FBA-ABA3-B17A5037A91C}.Debug|Any CPU.Build.0 = Debug|x64
		{74E63F0A-D353-4FBA-ABA3-B17A5037A91C}.Debug|x64.ActiveCfg = Debug|x64
		{74E63F0A-D353-4FBA-ABA3-B17A5037A91C}.Debug|x64.Build.0 = Debug|x64
		{74E63F0A-D353-4FBA-ABA3-B17A5037A91C}.Debug|x86.ActiveCfg = Debug|Win32
		{74E63F0A-D353-4FBA-ABA3-B17A5037A91C}.Debug|x86.Build.0 = Debug|Win32
		{74E63F0A-D353-4FBA-ABA3-B17A5037A91C}.Release|Any CPU.ActiveCfg = Release|x64
		{74E63F0A-D353-4FBA-ABA3-B17A5037A91C}.Release|Any CPU.Build.0 = Release|x64
		{74E63F0A-D353-4FBA-ABA3-B17A5037A91C}.Release|x64.ActiveCfg = Release|x64
		{74E63F0A-D353-4FBA-ABA3-B17A5037A91C}.Release|x64.Build.0 = Release|x64
		{74E63F0A-D353-4FBA-ABA3-B17A5037A91C}.Release|x86.ActiveCfg = Release|Win32
		{74E63F0A-D353-4FBA-ABA3-B17A5037A91C}.Release|x86.Build.0 = Release|Win32
		{40DE8949-0A08-4D81-94CE-3ED87A9A832B}.Debug|Any CPU.ActiveCfg = Debug|x64
		{40DE8949-0A08-4D81-94CE-3ED87A9A832B}.Debug|Any CPU.Build.0 = Debug|x64
		{40DE8949-0A08-4D81-94CE-3ED87A9A832B}.Debug|x64.ActiveCfg = Debug|x64
		{40DE8949-0A08-4D81-94CE-3ED87A9A832B}.Debug|x64.Build.0 = Debug|x64
		{40DE8949-0A08-4D81-94CE-3ED87A9A832B}.Debug|x86.ActiveCfg = Debug|Win32
		{40DE8949-0A08-4D81-94CE-3ED87A9A832B}.Debug|x86.Build.0 = Debug|Win32
		{40DE8949-0A08-4D81-94CE-3ED87A9A832B}.Release|Any CPU.ActiveCfg = Release|x64
		{40DE8949-0A08-4D81-94CE-3ED87A9A832B}.Release|Any CPU.Build.0 = Release|x64
		{40DE8949-0A08-4D81-94CE-3ED87A9A832B}.Release|x64.ActiveCfg = Release|x64
		{40DE8949-0A08-4D81-94CE-3ED87A9A832B}.Release|x64.Build.0 = Release|x64
		{40DE8949-0A08-4D81-94CE-3ED87A9A832B}.Release|x86.ActiveCfg = Release|Win32
		{40DE8949-0A08-4D81-94CE-3ED87A9A832B}.Release|x86.Build.0 = Release|Win32
		{5FBC1CDC-6B7F-4FBB-A86B-F292F58AB7EB}.Debug|Any CPU.ActiveCfg = Debug|x64
		{5FBC1CDC-6B7F-4FBB-A86B-F292F58AB7EB}.Debug|Any CPU.Build.0 = Debug|x64
		{5FBC1CDC-6B7F-4FBB-A86B-F292F58AB7EB}.Debug|x64.ActiveCfg = Debug|x64
		{5FBC1CDC-6B7F-4FBB-A86B-F292F58AB7EB}.Debug|x64.Build.0 = Debug|x64
		{5FBC1CDC-6B7F-4FBB-A86B-F292F58AB7EB}.Debug|x86.ActiveCfg = Debug|Win32
		{5FBC1CDC-6B7F-4FBB-A86B-F292F58AB7EB}.Debug|x86.Build.0 = Debug|Win32
		{5FBC1CDC-6B7F-4FBB-A86B-F292F58AB7EB}.Release|Any CPU.ActiveCfg = Release|x64
		{5FBC1CDC-6B7F-4FBB-A86B-F292F58AB7EB}.Release|Any CPU.Build.0 = Release|x64
		{5FBC1CDC-6B7F-4FBB-A86B-F292F58AB7EB}.Release|x64.ActiveCfg = Release|x64
		{5FBC1CDC-6B7F-4FBB-A86B-F292F58AB7EB}.Release|x64.Build.0 = Release|x64
		{5FBC1CDC-6B7F-4FBB-A86B-F292F58AB7EB}.Release|x86.ActiveCfg = Release|Win32
		{5FBC1CDC-6B7F-4FBB-A86B-F292F58AB7EB}.Release|x86.Build.0 = Release|Win32
		{124682FD-D46B-40B8-B47C-82166763F0EB}.Debug|Any CPU.ActiveCfg = Debug|x64
		{124682FD-D46B-40B8-B47C-82166763F0EB}.Debug|Any CPU.Build.0 = Debug|x64
		{124682FD-D46B-40B8-B47C-82166763F0EB}.Debug|x64.ActiveCfg = Debug|x64
		{124682FD-D46B-40B8-B47C-82166763F0EB}.Debug|x64.Build.0 = Debug|x64
		{124682FD-D46B-40B8-B47C-82166763F0EB}.Debug|x86.ActiveCfg = Debug|Win32
		{124682FD-D46B-40B8-B47C-82166763F0EB}.Debug|x86.Build.0 = Debug|Win32
		{124682FD-D46B-40B8-B47C-82166763F0EB}.Release|Any CPU.ActiveCfg = Release|x64
		{124682FD-D46B-40B8-B47C-82166763F0EB}.Release|Any CPU.Build.0 = Release|x64
		{124682FD-D46B-40B8-B47C-82166763F0EB}.Release|x64.ActiveCfg = Release|x64
		{124682FD-D46B-40B8-B47C-82166763F0EB}.Release|x64.Build.0 = Release|x64
		{124682FD-D46B-40B8-B47C-82166763F0EB}.Release|x86.ActiveCfg = Release|Win32
		{124682FD-D46B-40B8-B47C-82166763F0EB}.Release|x86.Build.0 = Release|Win32
		{8F9DA766-1341-41A3-BDA5-2F314BB4CA23}.Debug|Any CPU.ActiveCfg = Debug|x64
		{8F9DA766-1341-41A3-BDA5-2F314BB4CA23}.Debug|Any CPU.Build.0 = Debug|x64
		{8F9DA766-1341-41A3-BDA5-2F314BB4CA23}.Debug|x64.ActiveCfg = Debug|x64
		{8F9DA766-1341-41A3-BDA5-2F314BB4CA23}.Debug|x64.Build.0 = Debug|x64
		{8F9DA766-1341-41A3-BDA5-2F314BB4CA23}.Debug|x86.ActiveCfg = Debug|Win32
		{8F9DA766-1341-41A3-BDA5-2F314BB4CA23}.Debug|x86.Build.0 = Debug|Win32
		{8F9DA766-1341-41A3-BDA5-2F314BB4CA23}.Release|Any CPU.ActiveCfg = Release|x64
		{8F9DA766-1341-41A3-BDA5-2F314BB4CA23}.Release|Any CPU.Build.0 = Release|x64
		{8F9DA766-1341-41A3-BDA5-2F314BB4CA23}.Release|x64.ActiveCfg = Release|x64
		{8F9DA766-1341-41A3-BDA5-2F314BB4CA23}.Release|x64.Build.0 = Release|x64
		{8F9DA766-1341-41A3-BDA5-2F314BB4CA23}.Release|x86.ActiveCfg = Release|Win32
		{8F9DA766-1341-41A3-BDA5-2F314BB4CA23}.Release|x86.Build.0 = Release|Win32
		{EBFACED8-3A24-4F64-9893-8F0F6A22D3AA}.Debug|Any CPU.ActiveCfg = Debug|x64
		{EBFACED8-3A24-4F64-9893-8F0F6A22D3AA}.Debug|Any CPU.Build.0 = Debug|x64
		{EBFACED8-3A24-4F64-9893-8F0F6A22D3AA}.Debug|x64.ActiveCfg = Debug|x64
		{EBFACED8-3A24-4F64-9893-8F0F6A22D3AA}.Debug|x64.Build.0 = Debug|x64
		{EBFACED8-3A24-4F64-9893-8F0F6A22D3AA}.Debug|x86.ActiveCfg = Debug|Win32
		{EBFACED8-3A24-4F64-9893-8F0F6A22D3AA}.Debug|x86.Build.0 = Debug|Win32
		{EBFACED8-3A24-4F64-9893-8F0F6A22D3AA}.Release|Any CPU.ActiveCfg = Release|x64
		{EBFACED8-3A24-4F64-9893-8F0F6A22D3AA}.Release|Any CPU.Build.0 = Release|x64
		{EBFACED8-3A24-4F64-9893-8F0F6A22D3AA}.Release|x64.ActiveCfg = Release|x64
		{EBFACED8-3A24-4F64-9893-8F0F6A22D3AA}.Release|x64.Build.0 = Release|x64
		{EBFACED8-3A24-4F64-9893-8F0F6A22D3AA}.Release|x86.ActiveCfg = Release|Win32
		{EBFACED8-3A24-4F64-9893-8F0F6A22D3AA}.Release|x86.Build.0 = Release|Win32
		{38AE1B26-0954-4B52-9AAC-223E979F2016}.Debug|Any CPU.ActiveCfg = Debug|x64
		{38AE1B26-0954-4B52-9AAC-223E979F2016}.Debug|Any CPU.Build.0 = Debug|x64
		{38AE1B26-0954-4B52-9AAC-223E979F2016}.Debug|x64.ActiveCfg = Debug|x64
		{38AE1B26-0954-4B52-9AAC-223E979F2016}.Debug|x64.Build.0 = Debug|x64
		{38AE1B26-0954-4B52-9AAC-223E979F2016}.Debug|x86.ActiveCfg = Debug|Win32
		{38AE1B26-0954-4B52-9AAC-223E979F2016}.Debug|x86.Build.0 = Debug|Win32
		{38AE1B26-0954-4B52-9AAC-223E979F2016}.Release|Any CPU.ActiveCfg = Release|x64
		{38AE1B26-0954-4B52-9AAC-223E979F2016}.Release|Any CPU.Build.0 = Release|x64
		{38AE1B26-0954-4B52-9AAC-223E979F2016}.Release|x64.ActiveCfg = Release|x64
		{38AE1B26-0954-4B52-9AAC-223E979F2016}.Release|x64.Build.0 = Release|x64
		{38AE1B26-0954-4B52-9AAC-223E979F2016}.Release|x86.ActiveCfg = Release|Win32
		{38AE1B26-0954-4B52-9AAC-223E979F2016}.Release|x86.Build.0 = Release|Win32
		{EBB34C9B-BA09-44C6-A642-43200FAB3A79}.Debug|Any CPU.ActiveCfg = Debug|x64
		{EBB34C9B-BA09-44C6-A642-43200FAB3A79}.Debug|Any CPU.Build.0 = Debug|x64
		{EBB34C9B-BA09-44C6-A642-43200FAB3A79}.Debug|x64.ActiveCfg = Debug|x64
		{EBB34C9B-BA09-44C6-A642-43200FAB3A79}.Debug|x64.Build.0 = Debug|x64
		{EBB34C9B-BA09-44C6-A642-43200FAB3A79}.Debug|x86.ActiveCfg = Debug|Win32
		{EBB34C9B-BA09-44C6-A642-43200FAB3A79}.Debug|x86.Build.0 = Debug|Win32
		{EBB34C9B-BA09-44C6-A642-43200FAB3A79}.Release|Any CPU.ActiveCfg = Release|x64
		{EBB34C9B-BA09-44C6-A642-43200FAB3A79}.Release|Any CPU.Build.0 = Release|x64
		{EBB34C9B-BA09-44C6-A642-43200FAB3A79}.Release|x64.ActiveCfg = Release|x64
		{EBB34C9B-BA09-44C6-A642-43200FAB3A79}.Release|x64.Build.0 = Release|x64
		{EBB34C9B-BA09-44C6-A642-43200FAB3A79}.Release|x86.ActiveCfg = Release|Win32
		{EBB34C9B-BA09-44C6-A642-43200FAB3A79}.Release|x86.Build.0 = Release|Win32
		{2A6EB61B-6A69-4AFD-8855-51440044AAE2}.Debug|Any CPU.ActiveCfg = Debug|x64
		{2A6EB61B-6A69-4AFD-8855-51440044AAE2}.Debug|Any CPU.Build.0 = Debug|x64
		{2A6EB61B-6A69-4AFD-8855-51440044AAE2}.Debug|x64.ActiveCfg = Debug|x64
		{2A6EB61B-6A69-4AFD-8855-51440044AAE2}.Debug|x64.Build.0 = Debug|x64
		{2A6EB61B-6A69-4AFD-8855-51440044AAE2}.Debug|x86.ActiveCfg = Debug|Win32
		{2A6EB61B-6A69-4AFD-8855-51440044AAE2}.Debug|x86.Build.0 = Debug|Win32
		{2A6EB61B-6A69-4AFD-8855-51440044AAE2}.Release|Any CPU.ActiveCfg = Release|x64
		{2A6EB61B-6A69-4AFD-8855-51440044AAE2}.Release|Any CPU.Build.0 = Release|x64
		{2A6EB61B-6A69-4AFD-8855-51440044AAE2}.Release|x64.ActiveCfg = Release|x64
		{2A6EB61B-6A69-4AFD-8855-51440044AAE2}.Release|x64.Build.0 = Release|x64
		{2A6EB61B-6A69-4AFD-8855-51440044AAE2}.Release|x86.ActiveCfg = Release|Win32
		{2A6EB61B-6A69-4AFD-8855-51440044AAE2}.Release|x86.Build.0 = Release|Win32
		{893DDA96-4ECC-4B2C-B79A-8734E2074BA5}.Debug|Any CPU.ActiveCfg = Debug|x64
		{893DDA96-4ECC-4B2C-B79A-8734E2074BA5}.Debug|Any CPU.Build.0 = Debug|x64
		{893DDA96-4ECC-4B2C-B79A-8734E2074BA5}.Debug|x64.ActiveCfg = Debug|x64
		{893DDA96-4ECC-4B2C-B79A-8734E2074BA5}.Debug|x64.Build.0 = Debug|x64
		{893DDA96-4ECC-4B2C-B79A-8734E2074BA5}.Debug|x86.ActiveCfg = Debug|Win32
		{893DDA96-4ECC-4B2C-B79A-8734E2074BA5}.Debug|x86.Build.0 = Debug|Win32
		{893DDA96-4ECC-4B2C-B79A-8734E2074BA5}.Release|Any CPU.ActiveCfg = Release|x64
		{893DDA96-4ECC-4B2C-B79A-8734E2074BA5}.Release|Any CPU.Build.0 = Release|x64
		{893DDA96-4ECC-4B2C-B79A-8734E2074BA5}.Release|x64.ActiveCfg = Release|x64
		{893DDA96-4ECC-4B2C-B79A-8734E2074BA5}.Release|x64.Build.0 = Release|x64
		{893DDA96-4ECC-4B2C-B79A-8734E2074BA5}.Release|x86.ActiveCfg = Release|Win32
		{893DDA96-4ECC-4B2C-B79A-8734E2074BA5}.Release|x86.Build.0 = Release|Win32
		{4B1D9089-00B1-481E-9CE3-58F17AE79169}.Debug|Any CPU.ActiveCfg = Debug|x64
		{4B1D9089-00B1-481E-9CE3-58F17AE79169}.Debug|Any CPU.Build.0 = Debug|x64
		{4B1D9089-00B1-481E-9CE3-58F17AE79169}.Debug|x64.ActiveCfg = Debug|x64
		{4B1D9089-00B1-481E-9CE3-58F17AE79169}.Debug|x64.Build.0 = Debug|x64
		{4B1D9089-00B1-481E-9CE3-58F17AE79169}.Debug|x86.ActiveCfg = Debug|Win32
		{4B1D9089-00B1-481E-9CE3-58F17AE79169}.Debug|x86.Build.0 = Debug|Win32
		{4B1D9089-00B1-481E-9CE3-58F17AE79169}.Release|Any CPU.ActiveCfg = Release|x64
		{4B1D9089-00B1-481E-9CE3-58F17AE79169}.Release|Any CPU.Build.0 = Release|x64
		{4B1D9089-00B1-481E-9CE3-58F17AE79169}.Release|x64.ActiveCfg = Release|x64
		{4B1D9089-00B1-481E-9CE3-58F17AE79169}.Release|x64.Build.0 = Release|x64
		{4B1D9089-00B1-481E-9CE3-58F17AE79169}.Release|x86.ActiveCfg = Release|Win32
		{4B1D9089-00B1-481E-9CE3-58F17AE79169}.Release|x86.Build.0 = Release|Win32
	EndGlobalSection
	GlobalSection(SolutionProperties) = preSolution
		HideSolutionNode = FALSE
	EndGlobalSection
	GlobalSection(ExtensibilityGlobals) = postSolution
		SolutionGuid = {189E0D55-C5D2-4FC2-AE71-08028C3A66F7}
	EndGlobalSection
EndGlobal
